
Microsoft Visual Studio Solution File, Format Version 12.00
# Visual Studio Version 17
VisualStudioVersion = 17.1.32228.430
MinimumVisualStudioVersion = 10.0.40219.1
Project("{2150E333-8FDC-42A3-9474-1A3956D46DE8}") = "PopControl", "PopControl", "{CC65B733-34DA-49B7-9675-88D7B7F8301C}"
EndProject
Project("{FAE04EC0-301F-11D3-BF4B-00C04F79EFBC}") = "DAL", "DAL\DAL.csproj", "{FB361883-9E30-4FF2-BE5B-FA06BAEED912}"
EndProject
Project("{FAE04EC0-301F-11D3-BF4B-00C04F79EFBC}") = "DAL.Tests", "DAL.Tests\DAL.Tests.csproj", "{1386938C-4ED6-4820-A654-46AA4E60618A}"
EndProject
Global
	GlobalSection(SolutionConfigurationPlatforms) = preSolution
		Debug|Any CPU = Debug|Any CPU
		Release|Any CPU = Release|Any CPU
	EndGlobalSection
	GlobalSection(ProjectConfigurationPlatforms) = postSolution
		{FB361883-9E30-4FF2-BE5B-FA06BAEED912}.Debug|Any CPU.ActiveCfg = Debug|Any CPU
		{FB361883-9E30-4FF2-BE5B-FA06BAEED912}.Debug|Any CPU.Build.0 = Debug|Any CPU
		{FB361883-9E30-4FF2-BE5B-FA06BAEED912}.Release|Any CPU.ActiveCfg = Release|Any CPU
		{FB361883-9E30-4FF2-BE5B-FA06BAEED912}.Release|Any CPU.Build.0 = Release|Any CPU
		{1386938C-4ED6-4820-A654-46AA4E60618A}.Debug|Any CPU.ActiveCfg = Debug|Any CPU
		{1386938C-4ED6-4820-A654-46AA4E60618A}.Debug|Any CPU.Build.0 = Debug|Any CPU
		{1386938C-4ED6-4820-A654-46AA4E60618A}.Release|Any CPU.ActiveCfg = Release|Any CPU
		{1386938C-4ED6-4820-A654-46AA4E60618A}.Release|Any CPU.Build.0 = Release|Any CPU
	EndGlobalSection
	GlobalSection(SolutionProperties) = preSolution
		HideSolutionNode = FALSE
	EndGlobalSection
	GlobalSection(NestedProjects) = preSolution
		{FB361883-9E30-4FF2-BE5B-FA06BAEED912} = {CC65B733-34DA-49B7-9675-88D7B7F8301C}
		{1386938C-4ED6-4820-A654-46AA4E60618A} = {CC65B733-34DA-49B7-9675-88D7B7F8301C}
	EndGlobalSection
	GlobalSection(ExtensibilityGlobals) = postSolution
		SolutionGuid = {E0866A0F-AA62-4325-A4D5-FA5340DFF642}
	EndGlobalSection
EndGlobal
